
Microsoft Visual Studio Solution File, Format Version 12.00
# Visual Studio 15
VisualStudioVersion = 15.0.28307.1145
MinimumVisualStudioVersion = 10.0.40219.1
Project("{FAE04EC0-301F-11D3-BF4B-00C04F79EFBC}") = "PruebaAspNetMVC", "PruebaAspNetMVC\PruebaAspNetMVC.csproj", "{73C74566-1D0B-44B3-9B72-C1F933A4D0DD}"
EndProject
Global
	GlobalSection(SolutionConfigurationPlatforms) = preSolution
		Debug|Any CPU = Debug|Any CPU
		Release|Any CPU = Release|Any CPU
	EndGlobalSection
	GlobalSection(ProjectConfigurationPlatforms) = postSolution
		{73C74566-1D0B-44B3-9B72-C1F933A4D0DD}.Debug|Any CPU.ActiveCfg = Debug|Any CPU
		{73C74566-1D0B-44B3-9B72-C1F933A4D0DD}.Debug|Any CPU.Build.0 = Debug|Any CPU
		{73C74566-1D0B-44B3-9B72-C1F933A4D0DD}.Release|Any CPU.ActiveCfg = Release|Any CPU
		{73C74566-1D0B-44B3-9B72-C1F933A4D0DD}.Release|Any CPU.Build.0 = Release|Any CPU
	EndGlobalSection
	GlobalSection(SolutionProperties) = preSolution
		HideSolutionNode = FALSE
	EndGlobalSection
	GlobalSection(ExtensibilityGlobals) = postSolution
		SolutionGuid = {12673471-F851-4044-A856-6BD46646222E}
	EndGlobalSection
EndGlobal
